
Microsoft Visual Studio Solution File, Format Version 12.00
# Visual Studio 14
VisualStudioVersion = 14.0.25420.1
MinimumVisualStudioVersion = 10.0.40219.1
Project("{FAE04EC0-301F-11D3-BF4B-00C04F79EFBC}") = "MyTimeTracking.WebSite", "MyTimeTracking.WebSite\MyTimeTracking.WebSite.csproj", "{D0CC3CF7-B130-4678-8F24-5260AC8BD99D}"
EndProject
Project("{2150E333-8FDC-42A3-9474-1A3956D46DE8}") = "Sites", "Sites", "{C440E225-6813-424D-89F2-045A89499B1C}"
EndProject
Project("{2150E333-8FDC-42A3-9474-1A3956D46DE8}") = "API", "API", "{866A2532-F1F7-42EE-B546-D0D49D97E5D1}"
EndProject
Project("{2150E333-8FDC-42A3-9474-1A3956D46DE8}") = "Automation", "Automation", "{180F6699-6D65-44DF-854D-1B48F07609FC}"
EndProject
Project("{2150E333-8FDC-42A3-9474-1A3956D46DE8}") = "DataAccess", "DataAccess", "{A01C810C-28A1-43B0-B16D-0D44101459BA}"
EndProject
Project("{2150E333-8FDC-42A3-9474-1A3956D46DE8}") = "DMS", "DMS", "{24DD446C-1673-471C-BD21-80E31EAF49BB}"
EndProject
Project("{2150E333-8FDC-42A3-9474-1A3956D46DE8}") = "Domain", "Domain", "{8416AAA1-47CD-4797-8FAC-62EADFF95B65}"
EndProject
Project("{2150E333-8FDC-42A3-9474-1A3956D46DE8}") = "Engine", "Engine", "{499A45BB-9F2E-4798-B636-A3C7D75DDE70}"
EndProject
Project("{FAE04EC0-301F-11D3-BF4B-00C04F79EFBC}") = "MyTimeTracking.Engine", "MyTimeTracking.Engine\MyTimeTracking.Engine.csproj", "{35F8B59D-EE91-468A-B17C-A72C5D1F0455}"
EndProject
Project("{FAE04EC0-301F-11D3-BF4B-00C04F79EFBC}") = "MyTimeTracking.WebAPI", "MyTimeTracking.WebAPI\MyTimeTracking.WebAPI.csproj", "{E52A4394-7277-491F-A02B-2A896E300841}"
EndProject
Project("{2150E333-8FDC-42A3-9474-1A3956D46DE8}") = "Infrastructures", "Infrastructures", "{5E28123F-C1CF-4570-9BF5-C6D6ABA0224D}"
EndProject
Project("{FAE04EC0-301F-11D3-BF4B-00C04F79EFBC}") = "MyTimeTracking.WebAPI.Query", "MyTimeTracking.WebAPI.Query\MyTimeTracking.WebAPI.Query.csproj", "{38990FD5-98EC-4C9B-AB4B-6BF4D0EF48E3}"
EndProject
Project("{FAE04EC0-301F-11D3-BF4B-00C04F79EFBC}") = "MyTimeTracking.WebAPI.QueryServices", "MyTimeTracking.WebAPI.QueryServices\MyTimeTracking.WebAPI.QueryServices.csproj", "{B0E2CEEB-2B1F-4F06-839F-2C3F830F4EB9}"
EndProject
Project("{FAE04EC0-301F-11D3-BF4B-00C04F79EFBC}") = "MyTimeTracking.Tests", "MyTimeTracking.Tests\MyTimeTracking.Tests.csproj", "{35197845-A71D-4D63-8713-E17E8BE39466}"
EndProject
Project("{FAE04EC0-301F-11D3-BF4B-00C04F79EFBC}") = "MyTimeTracking.Data", "MyTimeTracking.Data\MyTimeTracking.Data.csproj", "{54D3B976-7A1E-48AB-A86D-E5A610B6704F}"
EndProject
Project("{FAE04EC0-301F-11D3-BF4B-00C04F79EFBC}") = "MyTimeTracking.Data.EF", "MyTimeTracking.Data.EF\MyTimeTracking.Data.EF.csproj", "{CE72DFA6-4EF1-4576-9DE2-2A9D5634A21D}"
EndProject
Project("{FAE04EC0-301F-11D3-BF4B-00C04F79EFBC}") = "MyTimeTracking.Data.EF.Migration", "MyTimeTracking.Data.EF.Migration\MyTimeTracking.Data.EF.Migration.csproj", "{43AA8CFA-5D0A-4D29-878E-CA4952B8DC69}"
EndProject
Project("{FAE04EC0-301F-11D3-BF4B-00C04F79EFBC}") = "MyTimeTracking.DMSSite", "MyTimeTracking.DMSSite\MyTimeTracking.DMSSite.csproj", "{9BE07774-1FBC-4A23-B644-9B813019A169}"
EndProject
Project("{FAE04EC0-301F-11D3-BF4B-00C04F79EFBC}") = "MyTimeTracking.DMSSite.BLL", "MyTimeTracking.DMSSite.BLL\MyTimeTracking.DMSSite.BLL.csproj", "{5736D021-5F49-40AC-8B4D-B34723B9C0D8}"
EndProject
Project("{FAE04EC0-301F-11D3-BF4B-00C04F79EFBC}") = "MyTimeTracking.DMSSite.DAL.EF", "MyTimeTracking.DMSSite.DAL.EF\MyTimeTracking.DMSSite.DAL.EF.csproj", "{53655F99-B2F1-4A84-9898-6A8A5E2ABE71}"
EndProject
Project("{FAE04EC0-301F-11D3-BF4B-00C04F79EFBC}") = "MyTimeTracking.Domain", "MyTimeTracking.Domain\MyTimeTracking.Domain.csproj", "{A992ADD0-DEC5-40F2-B3A8-C7F3B19925C0}"
EndProject
Project("{FAE04EC0-301F-11D3-BF4B-00C04F79EFBC}") = "MyTimeTracking.Domain.Repositories", "MyTimeTracking.Domain.Repositories\MyTimeTracking.Domain.Repositories.csproj", "{88DE570B-A99A-4003-BB8B-D5AE236CAB3E}"
EndProject
Project("{FAE04EC0-301F-11D3-BF4B-00C04F79EFBC}") = "MyTimeTracking.Selenium", "MyTimeTracking.Selenium\MyTimeTracking.Selenium.csproj", "{32033A81-90FB-4973-B848-DC836B215EA4}"
EndProject
Project("{FAE04EC0-301F-11D3-BF4B-00C04F79EFBC}") = "MyTimeTracking.Infrastructures", "MyTimeTracking.Infrastructures\MyTimeTracking.Infrastructures.csproj", "{AB9517EA-4C27-4E9F-BE58-AC4C3452BCC4}"
EndProject
Global
	GlobalSection(SolutionConfigurationPlatforms) = preSolution
		Debug|Any CPU = Debug|Any CPU
		Release|Any CPU = Release|Any CPU
	EndGlobalSection
	GlobalSection(ProjectConfigurationPlatforms) = postSolution
		{D0CC3CF7-B130-4678-8F24-5260AC8BD99D}.Debug|Any CPU.ActiveCfg = Debug|Any CPU
		{D0CC3CF7-B130-4678-8F24-5260AC8BD99D}.Debug|Any CPU.Build.0 = Debug|Any CPU
		{D0CC3CF7-B130-4678-8F24-5260AC8BD99D}.Release|Any CPU.ActiveCfg = Release|Any CPU
		{D0CC3CF7-B130-4678-8F24-5260AC8BD99D}.Release|Any CPU.Build.0 = Release|Any CPU
		{35F8B59D-EE91-468A-B17C-A72C5D1F0455}.Debug|Any CPU.ActiveCfg = Debug|Any CPU
		{35F8B59D-EE91-468A-B17C-A72C5D1F0455}.Debug|Any CPU.Build.0 = Debug|Any CPU
		{35F8B59D-EE91-468A-B17C-A72C5D1F0455}.Release|Any CPU.ActiveCfg = Release|Any CPU
		{35F8B59D-EE91-468A-B17C-A72C5D1F0455}.Release|Any CPU.Build.0 = Release|Any CPU
		{E52A4394-7277-491F-A02B-2A896E300841}.Debug|Any CPU.ActiveCfg = Debug|Any CPU
		{E52A4394-7277-491F-A02B-2A896E300841}.Debug|Any CPU.Build.0 = Debug|Any CPU
		{E52A4394-7277-491F-A02B-2A896E300841}.Release|Any CPU.ActiveCfg = Release|Any CPU
		{E52A4394-7277-491F-A02B-2A896E300841}.Release|Any CPU.Build.0 = Release|Any CPU
		{38990FD5-98EC-4C9B-AB4B-6BF4D0EF48E3}.Debug|Any CPU.ActiveCfg = Debug|Any CPU
		{38990FD5-98EC-4C9B-AB4B-6BF4D0EF48E3}.Debug|Any CPU.Build.0 = Debug|Any CPU
		{38990FD5-98EC-4C9B-AB4B-6BF4D0EF48E3}.Release|Any CPU.ActiveCfg = Release|Any CPU
		{38990FD5-98EC-4C9B-AB4B-6BF4D0EF48E3}.Release|Any CPU.Build.0 = Release|Any CPU
		{B0E2CEEB-2B1F-4F06-839F-2C3F830F4EB9}.Debug|Any CPU.ActiveCfg = Debug|Any CPU
		{B0E2CEEB-2B1F-4F06-839F-2C3F830F4EB9}.Debug|Any CPU.Build.0 = Debug|Any CPU
		{B0E2CEEB-2B1F-4F06-839F-2C3F830F4EB9}.Release|Any CPU.ActiveCfg = Release|Any CPU
		{B0E2CEEB-2B1F-4F06-839F-2C3F830F4EB9}.Release|Any CPU.Build.0 = Release|Any CPU
		{35197845-A71D-4D63-8713-E17E8BE39466}.Debug|Any CPU.ActiveCfg = Debug|Any CPU
		{35197845-A71D-4D63-8713-E17E8BE39466}.Debug|Any CPU.Build.0 = Debug|Any CPU
		{35197845-A71D-4D63-8713-E17E8BE39466}.Release|Any CPU.ActiveCfg = Release|Any CPU
		{35197845-A71D-4D63-8713-E17E8BE39466}.Release|Any CPU.Build.0 = Release|Any CPU
		{54D3B976-7A1E-48AB-A86D-E5A610B6704F}.Debug|Any CPU.ActiveCfg = Debug|Any CPU
		{54D3B976-7A1E-48AB-A86D-E5A610B6704F}.Debug|Any CPU.Build.0 = Debug|Any CPU
		{54D3B976-7A1E-48AB-A86D-E5A610B6704F}.Release|Any CPU.ActiveCfg = Release|Any CPU
		{54D3B976-7A1E-48AB-A86D-E5A610B6704F}.Release|Any CPU.Build.0 = Release|Any CPU
		{CE72DFA6-4EF1-4576-9DE2-2A9D5634A21D}.Debug|Any CPU.ActiveCfg = Debug|Any CPU
		{CE72DFA6-4EF1-4576-9DE2-2A9D5634A21D}.Debug|Any CPU.Build.0 = Debug|Any CPU
		{CE72DFA6-4EF1-4576-9DE2-2A9D5634A21D}.Release|Any CPU.ActiveCfg = Release|Any CPU
		{CE72DFA6-4EF1-4576-9DE2-2A9D5634A21D}.Release|Any CPU.Build.0 = Release|Any CPU
		{43AA8CFA-5D0A-4D29-878E-CA4952B8DC69}.Debug|Any CPU.ActiveCfg = Debug|Any CPU
		{43AA8CFA-5D0A-4D29-878E-CA4952B8DC69}.Debug|Any CPU.Build.0 = Debug|Any CPU
		{43AA8CFA-5D0A-4D29-878E-CA4952B8DC69}.Release|Any CPU.ActiveCfg = Release|Any CPU
		{43AA8CFA-5D0A-4D29-878E-CA4952B8DC69}.Release|Any CPU.Build.0 = Release|Any CPU
		{9BE07774-1FBC-4A23-B644-9B813019A169}.Debug|Any CPU.ActiveCfg = Debug|Any CPU
		{9BE07774-1FBC-4A23-B644-9B813019A169}.Debug|Any CPU.Build.0 = Debug|Any CPU
		{9BE07774-1FBC-4A23-B644-9B813019A169}.Release|Any CPU.ActiveCfg = Release|Any CPU
		{9BE07774-1FBC-4A23-B644-9B813019A169}.Release|Any CPU.Build.0 = Release|Any CPU
		{5736D021-5F49-40AC-8B4D-B34723B9C0D8}.Debug|Any CPU.ActiveCfg = Debug|Any CPU
		{5736D021-5F49-40AC-8B4D-B34723B9C0D8}.Debug|Any CPU.Build.0 = Debug|Any CPU
		{5736D021-5F49-40AC-8B4D-B34723B9C0D8}.Release|Any CPU.ActiveCfg = Release|Any CPU
		{5736D021-5F49-40AC-8B4D-B34723B9C0D8}.Release|Any CPU.Build.0 = Release|Any CPU
		{53655F99-B2F1-4A84-9898-6A8A5E2ABE71}.Debug|Any CPU.ActiveCfg = Debug|Any CPU
		{53655F99-B2F1-4A84-9898-6A8A5E2ABE71}.Debug|Any CPU.Build.0 = Debug|Any CPU
		{53655F99-B2F1-4A84-9898-6A8A5E2ABE71}.Release|Any CPU.ActiveCfg = Release|Any CPU
		{53655F99-B2F1-4A84-9898-6A8A5E2ABE71}.Release|Any CPU.Build.0 = Release|Any CPU
		{A992ADD0-DEC5-40F2-B3A8-C7F3B19925C0}.Debug|Any CPU.ActiveCfg = Debug|Any CPU
		{A992ADD0-DEC5-40F2-B3A8-C7F3B19925C0}.Debug|Any CPU.Build.0 = Debug|Any CPU
		{A992ADD0-DEC5-40F2-B3A8-C7F3B19925C0}.Release|Any CPU.ActiveCfg = Release|Any CPU
		{A992ADD0-DEC5-40F2-B3A8-C7F3B19925C0}.Release|Any CPU.Build.0 = Release|Any CPU
		{88DE570B-A99A-4003-BB8B-D5AE236CAB3E}.Debug|Any CPU.ActiveCfg = Debug|Any CPU
		{88DE570B-A99A-4003-BB8B-D5AE236CAB3E}.Debug|Any CPU.Build.0 = Debug|Any CPU
		{88DE570B-A99A-4003-BB8B-D5AE236CAB3E}.Release|Any CPU.ActiveCfg = Release|Any CPU
		{88DE570B-A99A-4003-BB8B-D5AE236CAB3E}.Release|Any CPU.Build.0 = Release|Any CPU
		{32033A81-90FB-4973-B848-DC836B215EA4}.Debug|Any CPU.ActiveCfg = Debug|Any CPU
		{32033A81-90FB-4973-B848-DC836B215EA4}.Debug|Any CPU.Build.0 = Debug|Any CPU
		{32033A81-90FB-4973-B848-DC836B215EA4}.Release|Any CPU.ActiveCfg = Release|Any CPU
		{32033A81-90FB-4973-B848-DC836B215EA4}.Release|Any CPU.Build.0 = Release|Any CPU
		{AB9517EA-4C27-4E9F-BE58-AC4C3452BCC4}.Debug|Any CPU.ActiveCfg = Debug|Any CPU
		{AB9517EA-4C27-4E9F-BE58-AC4C3452BCC4}.Debug|Any CPU.Build.0 = Debug|Any CPU
		{AB9517EA-4C27-4E9F-BE58-AC4C3452BCC4}.Release|Any CPU.ActiveCfg = Release|Any CPU
		{AB9517EA-4C27-4E9F-BE58-AC4C3452BCC4}.Release|Any CPU.Build.0 = Release|Any CPU
	EndGlobalSection
	GlobalSection(SolutionProperties) = preSolution
		HideSolutionNode = FALSE
	EndGlobalSection
	GlobalSection(NestedProjects) = preSolution
		{D0CC3CF7-B130-4678-8F24-5260AC8BD99D} = {C440E225-6813-424D-89F2-045A89499B1C}
		{35F8B59D-EE91-468A-B17C-A72C5D1F0455} = {499A45BB-9F2E-4798-B636-A3C7D75DDE70}
		{E52A4394-7277-491F-A02B-2A896E300841} = {866A2532-F1F7-42EE-B546-D0D49D97E5D1}
		{38990FD5-98EC-4C9B-AB4B-6BF4D0EF48E3} = {866A2532-F1F7-42EE-B546-D0D49D97E5D1}
		{B0E2CEEB-2B1F-4F06-839F-2C3F830F4EB9} = {866A2532-F1F7-42EE-B546-D0D49D97E5D1}
		{35197845-A71D-4D63-8713-E17E8BE39466} = {180F6699-6D65-44DF-854D-1B48F07609FC}
		{54D3B976-7A1E-48AB-A86D-E5A610B6704F} = {A01C810C-28A1-43B0-B16D-0D44101459BA}
		{CE72DFA6-4EF1-4576-9DE2-2A9D5634A21D} = {A01C810C-28A1-43B0-B16D-0D44101459BA}
		{43AA8CFA-5D0A-4D29-878E-CA4952B8DC69} = {A01C810C-28A1-43B0-B16D-0D44101459BA}
		{9BE07774-1FBC-4A23-B644-9B813019A169} = {24DD446C-1673-471C-BD21-80E31EAF49BB}
		{5736D021-5F49-40AC-8B4D-B34723B9C0D8} = {24DD446C-1673-471C-BD21-80E31EAF49BB}
		{53655F99-B2F1-4A84-9898-6A8A5E2ABE71} = {24DD446C-1673-471C-BD21-80E31EAF49BB}
		{A992ADD0-DEC5-40F2-B3A8-C7F3B19925C0} = {8416AAA1-47CD-4797-8FAC-62EADFF95B65}
		{88DE570B-A99A-4003-BB8B-D5AE236CAB3E} = {8416AAA1-47CD-4797-8FAC-62EADFF95B65}
		{32033A81-90FB-4973-B848-DC836B215EA4} = {180F6699-6D65-44DF-854D-1B48F07609FC}
		{AB9517EA-4C27-4E9F-BE58-AC4C3452BCC4} = {5E28123F-C1CF-4570-9BF5-C6D6ABA0224D}
	EndGlobalSection
EndGlobal
